
Microsoft Visual Studio Solution File, Format Version 12.00
# Visual Studio Version 17
VisualStudioVersion = 17.12.35506.116
MinimumVisualStudioVersion = 10.0.40219.1
Project("{FAE04EC0-301F-11D3-BF4B-00C04F79EFBC}") = "ProductionApi", "ProductionApi\ProductionApi.csproj", "{C1622D94-E7CE-4FAB-B639-A5B1DB6EF8C9}"
EndProject
Project("{FAE04EC0-301F-11D3-BF4B-00C04F79EFBC}") = "DataAccessLayer", "DataAccessLayer\DataAccessLayer.csproj", "{86D98563-6718-41C4-A3C8-7EEACC1C4643}"
EndProject
Project("{FAE04EC0-301F-11D3-BF4B-00C04F79EFBC}") = "ProductionApi.Tests", "ProductionApi.Tests\ProductionApi.Tests.csproj", "{4CAB0736-A646-4C86-B996-1C5691358E2A}"
EndProject
Global
	GlobalSection(SolutionConfigurationPlatforms) = preSolution
		Debug|Any CPU = Debug|Any CPU
		Release|Any CPU = Release|Any CPU
	EndGlobalSection
	GlobalSection(ProjectConfigurationPlatforms) = postSolution
		{C1622D94-E7CE-4FAB-B639-A5B1DB6EF8C9}.Debug|Any CPU.ActiveCfg = Debug|Any CPU
		{C1622D94-E7CE-4FAB-B639-A5B1DB6EF8C9}.Debug|Any CPU.Build.0 = Debug|Any CPU
		{C1622D94-E7CE-4FAB-B639-A5B1DB6EF8C9}.Release|Any CPU.ActiveCfg = Release|Any CPU
		{C1622D94-E7CE-4FAB-B639-A5B1DB6EF8C9}.Release|Any CPU.Build.0 = Release|Any CPU
		{86D98563-6718-41C4-A3C8-7EEACC1C4643}.Debug|Any CPU.ActiveCfg = Debug|Any CPU
		{86D98563-6718-41C4-A3C8-7EEACC1C4643}.Debug|Any CPU.Build.0 = Debug|Any CPU
		{86D98563-6718-41C4-A3C8-7EEACC1C4643}.Release|Any CPU.ActiveCfg = Release|Any CPU
		{86D98563-6718-41C4-A3C8-7EEACC1C4643}.Release|Any CPU.Build.0 = Release|Any CPU
		{4CAB0736-A646-4C86-B996-1C5691358E2A}.Debug|Any CPU.ActiveCfg = Debug|Any CPU
		{4CAB0736-A646-4C86-B996-1C5691358E2A}.Debug|Any CPU.Build.0 = Debug|Any CPU
		{4CAB0736-A646-4C86-B996-1C5691358E2A}.Release|Any CPU.ActiveCfg = Release|Any CPU
		{4CAB0736-A646-4C86-B996-1C5691358E2A}.Release|Any CPU.Build.0 = Release|Any CPU
	EndGlobalSection
	GlobalSection(SolutionProperties) = preSolution
		HideSolutionNode = FALSE
	EndGlobalSection
EndGlobal
